
Microsoft Visual Studio Solution File, Format Version 12.00
Project("{FAE04EC0-301F-11D3-BF4B-00C04F79EFBC}") = "SudokuSolver", "SudokuSolver\SudokuSolver.csproj", "{17B2242D-1CF6-498F-A6D0-E2BF56470A67}"
EndProject
Project("{FAE04EC0-301F-11D3-BF4B-00C04F79EFBC}") = "SudokuSolver.Tests", "SudokuSolver.Tests\SudokuSolver.Tests.csproj", "{6766D981-E3A8-45F4-ABDE-65E691A6758C}"
EndProject
Project("{FAE04EC0-301F-11D3-BF4B-00C04F79EFBC}") = "SudokuSolver.Benchmarks", "SudokuSolver.Benchmarks\SudokuSolver.Benchmarks.csproj", "{81823595-E0A3-4060-A08C-42C05C19533F}"
EndProject
Project("{FAE04EC0-301F-11D3-BF4B-00C04F79EFBC}") = "Runner", "Runner\Runner.csproj", "{A10F6B38-B74F-4660-99FE-D3906EB7F4E4}"
EndProject
Project("{FAE04EC0-301F-11D3-BF4B-00C04F79EFBC}") = "HexdokuConverter", "HexdokuConverter\HexdokuConverter.csproj", "{DE6E982B-8B1E-46ED-B87F-54F9F7104A38}"
EndProject
Global
	GlobalSection(SolutionConfigurationPlatforms) = preSolution
		Debug|Any CPU = Debug|Any CPU
		Release|Any CPU = Release|Any CPU
	EndGlobalSection
	GlobalSection(ProjectConfigurationPlatforms) = postSolution
		{17B2242D-1CF6-498F-A6D0-E2BF56470A67}.Debug|Any CPU.ActiveCfg = Debug|Any CPU
		{17B2242D-1CF6-498F-A6D0-E2BF56470A67}.Debug|Any CPU.Build.0 = Debug|Any CPU
		{17B2242D-1CF6-498F-A6D0-E2BF56470A67}.Release|Any CPU.ActiveCfg = Release|Any CPU
		{17B2242D-1CF6-498F-A6D0-E2BF56470A67}.Release|Any CPU.Build.0 = Release|Any CPU
		{6766D981-E3A8-45F4-ABDE-65E691A6758C}.Debug|Any CPU.ActiveCfg = Debug|Any CPU
		{6766D981-E3A8-45F4-ABDE-65E691A6758C}.Debug|Any CPU.Build.0 = Debug|Any CPU
		{6766D981-E3A8-45F4-ABDE-65E691A6758C}.Release|Any CPU.ActiveCfg = Release|Any CPU
		{6766D981-E3A8-45F4-ABDE-65E691A6758C}.Release|Any CPU.Build.0 = Release|Any CPU
		{81823595-E0A3-4060-A08C-42C05C19533F}.Debug|Any CPU.ActiveCfg = Debug|Any CPU
		{81823595-E0A3-4060-A08C-42C05C19533F}.Debug|Any CPU.Build.0 = Debug|Any CPU
		{81823595-E0A3-4060-A08C-42C05C19533F}.Release|Any CPU.ActiveCfg = Release|Any CPU
		{81823595-E0A3-4060-A08C-42C05C19533F}.Release|Any CPU.Build.0 = Release|Any CPU
		{A10F6B38-B74F-4660-99FE-D3906EB7F4E4}.Debug|Any CPU.ActiveCfg = Debug|Any CPU
		{A10F6B38-B74F-4660-99FE-D3906EB7F4E4}.Debug|Any CPU.Build.0 = Debug|Any CPU
		{A10F6B38-B74F-4660-99FE-D3906EB7F4E4}.Release|Any CPU.ActiveCfg = Release|Any CPU
		{A10F6B38-B74F-4660-99FE-D3906EB7F4E4}.Release|Any CPU.Build.0 = Release|Any CPU
		{DE6E982B-8B1E-46ED-B87F-54F9F7104A38}.Debug|Any CPU.ActiveCfg = Debug|Any CPU
		{DE6E982B-8B1E-46ED-B87F-54F9F7104A38}.Debug|Any CPU.Build.0 = Debug|Any CPU
		{DE6E982B-8B1E-46ED-B87F-54F9F7104A38}.Release|Any CPU.ActiveCfg = Release|Any CPU
		{DE6E982B-8B1E-46ED-B87F-54F9F7104A38}.Release|Any CPU.Build.0 = Release|Any CPU
	EndGlobalSection
EndGlobal
